
Microsoft Visual Studio Solution File, Format Version 12.00
# Visual Studio 2013
VisualStudioVersion = 12.0.31101.0
MinimumVisualStudioVersion = 10.0.40219.1
Project("{FAE04EC0-301F-11D3-BF4B-00C04F79EFBC}") = "HelloWorld", "HelloWorld\HelloWorld.csproj", "{9E255718-989B-4B88-A9F8-C0F025D5F70D}"
EndProject
Project("{FAE04EC0-301F-11D3-BF4B-00C04F79EFBC}") = "HelloWorldWebServiceTesting", "HelloWorldWebServiceTesting\HelloWorldWebServiceTesting.csproj", "{E4C92FE3-2840-4F0C-89A3-17728C3E5199}"
	ProjectSection(ProjectDependencies) = postProject
		{9E255718-989B-4B88-A9F8-C0F025D5F70D} = {9E255718-989B-4B88-A9F8-C0F025D5F70D}
	EndProjectSection
EndProject
Project("{FAE04EC0-301F-11D3-BF4B-00C04F79EFBC}") = "TheadingDemo", "TheadingDemo\TheadingDemo.csproj", "{953B2415-A4F8-489A-8F37-3F8D0C4924D8}"
	ProjectSection(ProjectDependencies) = postProject
		{9E255718-989B-4B88-A9F8-C0F025D5F70D} = {9E255718-989B-4B88-A9F8-C0F025D5F70D}
	EndProjectSection
EndProject
Project("{FAE04EC0-301F-11D3-BF4B-00C04F79EFBC}") = "IAsyncDemo", "IAsyncDemo\IAsyncDemo.csproj", "{5B177020-2317-4BC8-8463-BECBA00D6CD2}"
	ProjectSection(ProjectDependencies) = postProject
		{9E255718-989B-4B88-A9F8-C0F025D5F70D} = {9E255718-989B-4B88-A9F8-C0F025D5F70D}
	EndProjectSection
EndProject
Project("{FAE04EC0-301F-11D3-BF4B-00C04F79EFBC}") = "MoreIAsyncwithCallBack", "MoreIAsyncwithCallBack\MoreIAsyncwithCallBack.csproj", "{28603C6C-AC3D-428C-9FF3-1475C6E21EFF}"
EndProject
Global
	GlobalSection(SolutionConfigurationPlatforms) = preSolution
		Debug|Any CPU = Debug|Any CPU
		Release|Any CPU = Release|Any CPU
	EndGlobalSection
	GlobalSection(ProjectConfigurationPlatforms) = postSolution
		{9E255718-989B-4B88-A9F8-C0F025D5F70D}.Debug|Any CPU.ActiveCfg = Debug|Any CPU
		{9E255718-989B-4B88-A9F8-C0F025D5F70D}.Debug|Any CPU.Build.0 = Debug|Any CPU
		{9E255718-989B-4B88-A9F8-C0F025D5F70D}.Release|Any CPU.ActiveCfg = Release|Any CPU
		{9E255718-989B-4B88-A9F8-C0F025D5F70D}.Release|Any CPU.Build.0 = Release|Any CPU
		{E4C92FE3-2840-4F0C-89A3-17728C3E5199}.Debug|Any CPU.ActiveCfg = Debug|Any CPU
		{E4C92FE3-2840-4F0C-89A3-17728C3E5199}.Debug|Any CPU.Build.0 = Debug|Any CPU
		{E4C92FE3-2840-4F0C-89A3-17728C3E5199}.Release|Any CPU.ActiveCfg = Release|Any CPU
		{E4C92FE3-2840-4F0C-89A3-17728C3E5199}.Release|Any CPU.Build.0 = Release|Any CPU
		{953B2415-A4F8-489A-8F37-3F8D0C4924D8}.Debug|Any CPU.ActiveCfg = Debug|Any CPU
		{953B2415-A4F8-489A-8F37-3F8D0C4924D8}.Debug|Any CPU.Build.0 = Debug|Any CPU
		{953B2415-A4F8-489A-8F37-3F8D0C4924D8}.Release|Any CPU.ActiveCfg = Release|Any CPU
		{953B2415-A4F8-489A-8F37-3F8D0C4924D8}.Release|Any CPU.Build.0 = Release|Any CPU
		{5B177020-2317-4BC8-8463-BECBA00D6CD2}.Debug|Any CPU.ActiveCfg = Debug|Any CPU
		{5B177020-2317-4BC8-8463-BECBA00D6CD2}.Debug|Any CPU.Build.0 = Debug|Any CPU
		{5B177020-2317-4BC8-8463-BECBA00D6CD2}.Release|Any CPU.ActiveCfg = Release|Any CPU
		{5B177020-2317-4BC8-8463-BECBA00D6CD2}.Release|Any CPU.Build.0 = Release|Any CPU
		{28603C6C-AC3D-428C-9FF3-1475C6E21EFF}.Debug|Any CPU.ActiveCfg = Debug|Any CPU
		{28603C6C-AC3D-428C-9FF3-1475C6E21EFF}.Debug|Any CPU.Build.0 = Debug|Any CPU
		{28603C6C-AC3D-428C-9FF3-1475C6E21EFF}.Release|Any CPU.ActiveCfg = Release|Any CPU
		{28603C6C-AC3D-428C-9FF3-1475C6E21EFF}.Release|Any CPU.Build.0 = Release|Any CPU
	EndGlobalSection
	GlobalSection(SolutionProperties) = preSolution
		HideSolutionNode = FALSE
	EndGlobalSection
EndGlobal
